
Microsoft Visual Studio Solution File, Format Version 12.00
# Visual Studio 15
VisualStudioVersion = 15.0.28307.421
MinimumVisualStudioVersion = 10.0.40219.1
Project("{FAE04EC0-301F-11D3-BF4B-00C04F79EFBC}") = "MySandBox", "MySandBox\MySandBox.csproj", "{55D2C0EA-2EA6-48BF-936D-2E8B88FDC9BC}"
EndProject
Global
	GlobalSection(SolutionConfigurationPlatforms) = preSolution
		Debug|Any CPU = Debug|Any CPU
		Release|Any CPU = Release|Any CPU
	EndGlobalSection
	GlobalSection(ProjectConfigurationPlatforms) = postSolution
		{55D2C0EA-2EA6-48BF-936D-2E8B88FDC9BC}.Debug|Any CPU.ActiveCfg = Debug|Any CPU
		{55D2C0EA-2EA6-48BF-936D-2E8B88FDC9BC}.Debug|Any CPU.Build.0 = Debug|Any CPU
		{55D2C0EA-2EA6-48BF-936D-2E8B88FDC9BC}.Release|Any CPU.ActiveCfg = Release|Any CPU
		{55D2C0EA-2EA6-48BF-936D-2E8B88FDC9BC}.Release|Any CPU.Build.0 = Release|Any CPU
	EndGlobalSection
	GlobalSection(SolutionProperties) = preSolution
		HideSolutionNode = FALSE
	EndGlobalSection
	GlobalSection(ExtensibilityGlobals) = postSolution
		SolutionGuid = {C1FBD818-A28F-4994-8BAF-04563CDDCC91}
	EndGlobalSection
EndGlobal
